// !$*UTF8*$!
{
	archiveVersion = 1;
	classes = {
	};
	objectVersion = 50;
	objects = {

/* Begin PBXBuildFile section */
		0C82C2AD23DBDF6900307291 /* AppDelegate.swift in Sources */ = {isa = PBXBuildFile; fileRef = 0C82C2AC23DBDF6900307291 /* AppDelegate.swift */; };
		0C82C2AF23DBDF6900307291 /* SceneDelegate.swift in Sources */ = {isa = PBXBuildFile; fileRef = 0C82C2AE23DBDF6900307291 /* SceneDelegate.swift */; };
		0C82C2B123DBDF6900307291 /* ViewController.swift in Sources */ = {isa = PBXBuildFile; fileRef = 0C82C2B023DBDF6900307291 /* ViewController.swift */; };
		0C82C2B423DBDF6900307291 /* Main.storyboard in Resources */ = {isa = PBXBuildFile; fileRef = 0C82C2B223DBDF6900307291 /* Main.storyboard */; };
		0C82C2B623DBDF6C00307291 /* Assets.xcassets in Resources */ = {isa = PBXBuildFile; fileRef = 0C82C2B523DBDF6C00307291 /* Assets.xcassets */; };
		0C82C2B923DBDF6C00307291 /* LaunchScreen.storyboard in Resources */ = {isa = PBXBuildFile; fileRef = 0C82C2B723DBDF6C00307291 /* LaunchScreen.storyboard */; };
		0C82C2C423DBDF6C00307291 /* tipcalTests.swift in Sources */ = {isa = PBXBuildFile; fileRef = 0C82C2C323DBDF6C00307291 /* tipcalTests.swift */; };
		0C82C2CF23DBDF6D00307291 /* tipcalUITests.swift in Sources */ = {isa = PBXBuildFile; fileRef = 0C82C2CE23DBDF6D00307291 /* tipcalUITests.swift */; };
/* End PBXBuildFile section */

/* Begin PBXContainerItemProxy section */
		0C82C2C023DBDF6C00307291 /* PBXContainerItemProxy */ = {
			isa = PBXContainerItemProxy;
			containerPortal = 0C82C2A123DBDF6900307291 /* Project object */;
			proxyType = 1;
			remoteGlobalIDString = 0C82C2A823DBDF6900307291;
			remoteInfo = tipcal;
		};
		0C82C2CB23DBDF6D00307291 /* PBXContainerItemProxy */ = {
			isa = PBXContainerItemProxy;
			containerPortal = 0C82C2A123DBDF6900307291 /* Project object */;
			proxyType = 1;
			remoteGlobalIDString = 0C82C2A823DBDF6900307291;
			remoteInfo = tipcal;
		};
/* End PBXContainerItemProxy section */

/* Begin PBXFileReference section */
		0C82C2A923DBDF6900307291 /* tipcal.app */ = {isa = PBXFileReference; explicitFileType = wrapper.application; includeInIndex = 0; path = tipcal.app; sourceTree = BUILT_PRODUCTS_DIR; };
		0C82C2AC23DBDF6900307291 /* AppDelegate.swift */ = {isa = PBXFileReference; lastKnownFileType = sourcecode.swift; path = AppDelegate.swift; sourceTree = "<group>"; };
		0C82C2AE23DBDF6900307291 /* SceneDelegate.swift */ = {isa = PBXFileReference; lastKnownFileType = sourcecode.swift; path = SceneDelegate.swift; sourceTree = "<group>"; };
		0C82C2B023DBDF6900307291 /* ViewController.swift */ = {isa = PBXFileReference; lastKnownFileType = sourcecode.swift; path = ViewController.swift; sourceTree = "<group>"; };
		0C82C2B323DBDF6900307291 /* Base */ = {isa = PBXFileReference; lastKnownFileType = file.storyboard; name = Base; path = Base.lproj/Main.storyboard; sourceTree = "<group>"; };
		0C82C2B523DBDF6C00307291 /* Assets.xcassets */ = {isa = PBXFileReference; lastKnownFileType = folder.assetcatalog; path = Assets.xcassets; sourceTree = "<group>"; };
		0C82C2B823DBDF6C00307291 /* Base */ = {isa = PBXFileReference; lastKnownFileType = file.storyboard; name = Base; path = Base.lproj/LaunchScreen.storyboard; sourceTree = "<group>"; };
		0C82C2BA23DBDF6C00307291 /* Info.plist */ = {isa = PBXFileReference; lastKnownFileType = text.plist.xml; path = Info.plist; sourceTree = "<group>"; };
		0C82C2BF23DBDF6C00307291 /* tipcalTests.xctest */ = {isa = PBXFileReference; explicitFileType = wrapper.cfbundle; includeInIndex = 0; path = tipcalTests.xctest; sourceTree = BUILT_PRODUCTS_DIR; };
		0C82C2C323DBDF6C00307291 /* tipcalTests.swift */ = {isa = PBXFileReference; lastKnownFileType = sourcecode.swift; path = tipcalTests.swift; sourceTree = "<group>"; };
		0C82C2C523DBDF6C00307291 /* Info.plist */ = {isa = PBXFileReference; lastKnownFileType = text.plist.xml; path = Info.plist; sourceTree = "<group>"; };
		0C82C2CA23DBDF6D00307291 /* tipcalUITests.xctest */ = {isa = PBXFileReference; explicitFileType = wrapper.cfbundle; includeInIndex = 0; path = tipcalUITests.xctest; sourceTree = BUILT_PRODUCTS_DIR; };
		0C82C2CE23DBDF6D00307291 /* tipcalUITests.swift */ = {isa = PBXFileReference; lastKnownFileType = sourcecode.swift; path = tipcalUITests.swift; sourceTree = "<group>"; };
		0C82C2D023DBDF6D00307291 /* Info.plist */ = {isa = PBXFileReference; lastKnownFileType = text.plist.xml; path = Info.plist; sourceTree = "<group>"; };
/* End PBXFileReference section */

/* Begin PBXFrameworksBuildPhase section */
		0C82C2A623DBDF6900307291 /* Frameworks */ = {
			isa = PBXFrameworksBuildPhase;
			buildActionMask = 2147483647;
			files = (
			);
			runOnlyForDeploymentPostprocessing = 0;
		};
		0C82C2BC23DBDF6C00307291 /* Frameworks */ = {
			isa = PBXFrameworksBuildPhase;
			buildActionMask = 2147483647;
			files = (
			);
			runOnlyForDeploymentPostprocessing = 0;
		};
		0C82C2C723DBDF6D00307291 /* Frameworks */ = {
			isa = PBXFrameworksBuildPhase;
			buildActionMask = 2147483647;
			files = (
			);
			runOnlyForDeploymentPostprocessing = 0;
		};
/* End PBXFrameworksBuildPhase section */

/* Begin PBXGroup section */
		0C82C2A023DBDF6900307291 = {
			isa = PBXGroup;
			children = (
				0C82C2AB23DBDF6900307291 /* tipcal */,
				0C82C2C223DBDF6C00307291 /* tipcalTests */,
				0C82C2CD23DBDF6D00307291 /* tipcalUITests */,
				0C82C2AA23DBDF6900307291 /* Products */,
			);
			sourceTree = "<group>";
		};
		0C82C2AA23DBDF6900307291 /* Products */ = {
			isa = PBXGroup;
			children = (
				0C82C2A923DBDF6900307291 /* tipcal.app */,
				0C82C2BF23DBDF6C00307291 /* tipcalTests.xctest */,
				0C82C2CA23DBDF6D00307291 /* tipcalUITests.xctest */,
			);
			name = Products;
			sourceTree = "<group>";
		};
		0C82C2AB23DBDF6900307291 /* tipcal */ = {
			isa = PBXGroup;
			children = (
				0C82C2AC23DBDF6900307291 /* AppDelegate.swift */,
				0C82C2AE23DBDF6900307291 /* SceneDelegate.swift */,
				0C82C2B023DBDF6900307291 /* ViewController.swift */,
				0C82C2B223DBDF6900307291 /* Main.storyboard */,
				0C82C2B523DBDF6C00307291 /* Assets.xcassets */,
				0C82C2B723DBDF6C00307291 /* LaunchScreen.storyboard */,
				0C82C2BA23DBDF6C00307291 /* Info.plist */,
			);
			path = tipcal;
			sourceTree = "<group>";
		};
		0C82C2C223DBDF6C00307291 /* tipcalTests */ = {
			isa = PBXGroup;
			children = (
				0C82C2C323DBDF6C00307291 /* tipcalTests.swift */,
				0C82C2C523DBDF6C00307291 /* Info.plist */,
			);
			path = tipcalTests;
			sourceTree = "<group>";
		};
		0C82C2CD23DBDF6D00307291 /* tipcalUITests */ = {
			isa = PBXGroup;
			children = (
				0C82C2CE23DBDF6D00307291 /* tipcalUITests.swift */,
				0C82C2D023DBDF6D00307291 /* Info.plist */,
			);
			path = tipcalUITests;
			sourceTree = "<group>";
		};
/* End PBXGroup section */

/* Begin PBXNativeTarget section */
		0C82C2A823DBDF6900307291 /* tipcal */ = {
			isa = PBXNativeTarget;
			buildConfigurationList = 0C82C2D323DBDF6D00307291 /* Build configuration list for PBXNativeTarget "tipcal" */;
			buildPhases = (
				0C82C2A523DBDF6900307291 /* Sources */,
				0C82C2A623DBDF6900307291 /* Frameworks */,
				0C82C2A723DBDF6900307291 /* Resources */,
			);
			buildRules = (
			);
			dependencies = (
			);
			name = tipcal;
			productName = tipcal;
			productReference = 0C82C2A923DBDF6900307291 /* tipcal.app */;
			productType = "com.apple.product-type.application";
		};
		0C82C2BE23DBDF6C00307291 /* tipcalTests */ = {
			isa = PBXNativeTarget;
			buildConfigurationList = 0C82C2D623DBDF6D00307291 /* Build configuration list for PBXNativeTarget "tipcalTests" */;
			buildPhases = (
				0C82C2BB23DBDF6C00307291 /* Sources */,
				0C82C2BC23DBDF6C00307291 /* Frameworks */,
				0C82C2BD23DBDF6C00307291 /* Resources */,
			);
			buildRules = (
			);
			dependencies = (
				0C82C2C123DBDF6C00307291 /* PBXTargetDependency */,
			);
			name = tipcalTests;
			productName = tipcalTests;
			productReference = 0C82C2BF23DBDF6C00307291 /* tipcalTests.xctest */;
			productType = "com.apple.product-type.bundle.unit-test";
		};
		0C82C2C923DBDF6D00307291 /* tipcalUITests */ = {
			isa = PBXNativeTarget;
			buildConfigurationList = 0C82C2D923DBDF6D00307291 /* Build configuration list for PBXNativeTarget "tipcalUITests" */;
			buildPhases = (
				0C82C2C623DBDF6D00307291 /* Sources */,
				0C82C2C723DBDF6D00307291 /* Frameworks */,
				0C82C2C823DBDF6D00307291 /* Resources */,
			);
			buildRules = (
			);
			dependencies = (
				0C82C2CC23DBDF6D00307291 /* PBXTargetDependency */,
			);
			name = tipcalUITests;
			productName = tipcalUITests;
			productReference = 0C82C2CA23DBDF6D00307291 /* tipcalUITests.xctest */;
			productType = "com.apple.product-type.bundle.ui-testing";
		};
/* End PBXNativeTarget section */

/* Begin PBXProject section */
		0C82C2A123DBDF6900307291 /* Project object */ = {
			isa = PBXProject;
			attributes = {
				LastSwiftUpdateCheck = 1120;
				LastUpgradeCheck = 1120;
				ORGANIZATIONNAME = "Chee Jun Wong";
				TargetAttributes = {
					0C82C2A823DBDF6900307291 = {
						CreatedOnToolsVersion = 11.2;
					};
					0C82C2BE23DBDF6C00307291 = {
						CreatedOnToolsVersion = 11.2;
						TestTargetID = 0C82C2A823DBDF6900307291;
					};
					0C82C2C923DBDF6D00307291 = {
						CreatedOnToolsVersion = 11.2;
						TestTargetID = 0C82C2A823DBDF6900307291;
					};
				};
			};
			buildConfigurationList = 0C82C2A423DBDF6900307291 /* Build configuration list for PBXProject "tipcal" */;
			compatibilityVersion = "Xcode 9.3";
			developmentRegion = en;
			hasScannedForEncodings = 0;
			knownRegions = (
				en,
				Base,
			);
			mainGroup = 0C82C2A023DBDF6900307291;
			productRefGroup = 0C82C2AA23DBDF6900307291 /* Products */;
			projectDirPath = "";
			projectRoot = "";
			targets = (
				0C82C2A823DBDF6900307291 /* tipcal */,
				0C82C2BE23DBDF6C00307291 /* tipcalTests */,
				0C82C2C923DBDF6D00307291 /* tipcalUITests */,
			);
		};
/* End PBXProject section */

/* Begin PBXResourcesBuildPhase section */
		0C82C2A723DBDF6900307291 /* Resources */ = {
			isa = PBXResourcesBuildPhase;
			buildActionMask = 2147483647;
			files = (
				0C82C2B923DBDF6C00307291 /* LaunchScreen.storyboard in Resources */,
				0C82C2B623DBDF6C00307291 /* Assets.xcassets in Resources */,
				0C82C2B423DBDF6900307291 /* Main.storyboard in Resources */,
			);
			runOnlyForDeploymentPostprocessing = 0;
		};
		0C82C2BD23DBDF6C00307291 /* Resources */ = {
			isa = PBXResourcesBuildPhase;
			buildActionMask = 2147483647;
			files = (
			);
			runOnlyForDeploymentPostprocessing = 0;
		};
		0C82C2C823DBDF6D00307291 /* Resources */ = {
			isa = PBXResourcesBuildPhase;
			buildActionMask = 2147483647;
			files = (
			);
			runOnlyForDeploymentPostprocessing = 0;
		};
/* End PBXResourcesBuildPhase section */

/* Begin PBXSourcesBuildPhase section */
		0C82C2A523DBDF6900307291 /* Sources */ = {
			isa = PBXSourcesBuildPhase;
			buildActionMask = 2147483647;
			files = (
				0C82C2B123DBDF6900307291 /* ViewController.swift in Sources */,
				0C82C2AD23DBDF6900307291 /* AppDelegate.swift in Sources */,
				0C82C2AF23DBDF6900307291 /* SceneDelegate.swift in Sources */,
			);
			runOnlyForDeploymentPostprocessing = 0;
		};
		0C82C2BB23DBDF6C00307291 /* Sources */ = {
			isa = PBXSourcesBuildPhase;
			buildActionMask = 2147483647;
			files = (
				0C82C2C423DBDF6C00307291 /* tipcalTests.swift in Sources */,
			);
			runOnlyForDeploymentPostprocessing = 0;
		};
		0C82C2C623DBDF6D00307291 /* Sources */ = {
			isa = PBXSourcesBuildPhase;
			buildActionMask = 2147483647;
			files = (
				0C82C2CF23DBDF6D00307291 /* tipcalUITests.swift in Sources */,
			);
			runOnlyForDeploymentPostprocessing = 0;
		};
/* End PBXSourcesBuildPhase section */

/* Begin PBXTargetDependency section */
		0C82C2C123DBDF6C00307291 /* PBXTargetDependency */ = {
			isa = PBXTargetDependency;
			target = 0C82C2A823DBDF6900307291 /* tipcal */;
			targetProxy = 0C82C2C023DBDF6C00307291 /* PBXContainerItemProxy */;
		};
		0C82C2CC23DBDF6D00307291 /* PBXTargetDependency */ = {
			isa = PBXTargetDependency;
			target = 0C82C2A823DBDF6900307291 /* tipcal */;
			targetProxy = 0C82C2CB23DBDF6D00307291 /* PBXContainerItemProxy */;
		};
/* End PBXTargetDependency section */

/* Begin PBXVariantGroup section */
		0C82C2B223DBDF6900307291 /* Main.storyboard */ = {
			isa = PBXVariantGroup;
			children = (
				0C82C2B323DBDF6900307291 /* Base */,
			);
			name = Main.storyboard;
			sourceTree = "<group>";
		};
		0C82C2B723DBDF6C00307291 /* LaunchScreen.storyboard */ = {
			isa = PBXVariantGroup;
			children = (
				0C82C2B823DBDF6C00307291 /* Base */,
			);
			name = LaunchScreen.storyboard;
			sourceTree = "<group>";
		};
/* End PBXVariantGroup section */

/* Begin XCBuildConfiguration section */
		0C82C2D123DBDF6D00307291 /* Debug */ = {
			isa = XCBuildConfiguration;
			buildSettings = {
				ALWAYS_SEARCH_USER_PATHS = NO;
				CLANG_ANALYZER_NONNULL = YES;
				CLANG_ANALYZER_NUMBER_OBJECT_CONVERSION = YES_AGGRESSIVE;
				CLANG_CXX_LANGUAGE_STANDARD = "gnu++14";
				CLANG_CXX_LIBRARY = "libc++";
				CLANG_ENABLE_MODULES = YES;
				CLANG_ENABLE_OBJC_ARC = YES;
				CLANG_ENABLE_OBJC_WEAK = YES;
				CLANG_WARN_BLOCK_CAPTURE_AUTORELEASING = YES;
				CLANG_WARN_BOOL_CONVERSION = YES;
				CLANG_WARN_COMMA = YES;
				CLANG_WARN_CONSTANT_CONVERSION = YES;
				CLANG_WARN_DEPRECATED_OBJC_IMPLEMENTATIONS = YES;
				CLANG_WARN_DIRECT_OBJC_ISA_USAGE = YES_ERROR;
				CLANG_WARN_DOCUMENTATION_COMMENTS = YES;
				CLANG_WARN_EMPTY_BODY = YES;
				CLANG_WARN_ENUM_CONVERSION = YES;
				CLANG_WARN_INFINITE_RECURSION = YES;
				CLANG_WARN_INT_CONVERSION = YES;
				CLANG_WARN_NON_LITERAL_NULL_CONVERSION = YES;
				CLANG_WARN_OBJC_IMPLICIT_RETAIN_SELF = YES;
				CLANG_WARN_OBJC_LITERAL_CONVERSION = YES;
				CLANG_WARN_OBJC_ROOT_CLASS = YES_ERROR;
				CLANG_WARN_RANGE_LOOP_ANALYSIS = YES;
				CLANG_WARN_STRICT_PROTOTYPES = YES;
				CLANG_WARN_SUSPICIOUS_MOVE = YES;
				CLANG_WARN_UNGUARDED_AVAILABILITY = YES_AGGRESSIVE;
				CLANG_WARN_UNREACHABLE_CODE = YES;
				CLANG_WARN__DUPLICATE_METHOD_MATCH = YES;
				COPY_PHASE_STRIP = NO;
				DEBUG_INFORMATION_FORMAT = dwarf;
				ENABLE_STRICT_OBJC_MSGSEND = YES;
				ENABLE_TESTABILITY = YES;
				GCC_C_LANGUAGE_STANDARD = gnu11;
				GCC_DYNAMIC_NO_PIC = NO;
				GCC_NO_COMMON_BLOCKS = YES;
				GCC_OPTIMIZATION_LEVEL = 0;
				GCC_PREPROCESSOR_DEFINITIONS = (
					"DEBUG=1",
					"$(inherited)",
				);
				GCC_WARN_64_TO_32_BIT_CONVERSION = YES;
				GCC_WARN_ABOUT_RETURN_TYPE = YES_ERROR;
				GCC_WARN_UNDECLARED_SELECTOR = YES;
				GCC_WARN_UNINITIALIZED_AUTOS = YES_AGGRESSIVE;
				GCC_WARN_UNUSED_FUNCTION = YES;
				GCC_WARN_UNUSED_VARIABLE = YES;
				IPHONEOS_DEPLOYMENT_TARGET = 13.2;
				MTL_ENABLE_DEBUG_INFO = INCLUDE_SOURCE;
				MTL_FAST_MATH = YES;
				ONLY_ACTIVE_ARCH = YES;
				SDKROOT = iphoneos;
				SWIFT_ACTIVE_COMPILATION_CONDITIONS = DEBUG;
				SWIFT_OPTIMIZATION_LEVEL = "-Onone";
			};
			name = Debug;
		};
		0C82C2D223DBDF6D00307291 /* Release */ = {
			isa = XCBuildConfiguration;
			buildSettings = {
				ALWAYS_SEARCH_USER_PATHS = NO;
				CLANG_ANALYZER_NONNULL = YES;
				CLANG_ANALYZER_NUMBER_OBJECT_CONVERSION = YES_AGGRESSIVE;
				CLANG_CXX_LANGUAGE_STANDARD = "gnu++14";
				CLANG_CXX_LIBRARY = "libc++";
				CLANG_ENABLE_MODULES = YES;
				CLANG_ENABLE_OBJC_ARC = YES;
				CLANG_ENABLE_OBJC_WEAK = YES;
				CLANG_WARN_BLOCK_CAPTURE_AUTORELEASING = YES;
				CLANG_WARN_BOOL_CONVERSION = YES;
				CLANG_WARN_COMMA = YES;
				CLANG_WARN_CONSTANT_CONVERSION = YES;
				CLANG_WARN_DEPRECATED_OBJC_IMPLEMENTATIONS = YES;
				CLANG_WARN_DIRECT_OBJC_ISA_USAGE = YES_ERROR;
				CLANG_WARN_DOCUMENTATION_COMMENTS = YES;
				CLANG_WARN_EMPTY_BODY = YES;
				CLANG_WARN_ENUM_CONVERSION = YES;
				CLANG_WARN_INFINITE_RECURSION = YES;
				CLANG_WARN_INT_CONVERSION = YES;
				CLANG_WARN_NON_LITERAL_NULL_CONVERSION = YES;
				CLANG_WARN_OBJC_IMPLICIT_RETAIN_SELF = YES;
				CLANG_WARN_OBJC_LITERAL_CONVERSION = YES;
				CLANG_WARN_OBJC_ROOT_CLASS = YES_ERROR;
				CLANG_WARN_RANGE_LOOP_ANALYSIS = YES;
				CLANG_WARN_STRICT_PROTOTYPES = YES;
				CLANG_WARN_SUSPICIOUS_MOVE = YES;
				CLANG_WARN_UNGUARDED_AVAILABILITY = YES_AGGRESSIVE;
				CLANG_WARN_UNREACHABLE_CODE = YES;
				CLANG_WARN__DUPLICATE_METHOD_MATCH = YES;
				COPY_PHASE_STRIP = NO;
				DEBUG_INFORMATION_FORMAT = "dwarf-with-dsym";
				ENABLE_NS_ASSERTIONS = NO;
				ENABLE_STRICT_OBJC_MSGSEND = YES;
				GCC_C_LANGUAGE_STANDARD = gnu11;
				GCC_NO_COMMON_BLOCKS = YES;
				GCC_WARN_64_TO_32_BIT_CONVERSION = YES;
				GCC_WARN_ABOUT_RETURN_TYPE = YES_ERROR;
				GCC_WARN_UNDECLARED_SELECTOR = YES;
				GCC_WARN_UNINITIALIZED_AUTOS = YES_AGGRESSIVE;
				GCC_WARN_UNUSED_FUNCTION = YES;
				GCC_WARN_UNUSED_VARIABLE = YES;
				IPHONEOS_DEPLOYMENT_TARGET = 13.2;
				MTL_ENABLE_DEBUG_INFO = NO;
				MTL_FAST_MATH = YES;
				SDKROOT = iphoneos;
				SWIFT_COMPILATION_MODE = wholemodule;
				SWIFT_OPTIMIZATION_LEVEL = "-O";
				VALIDATE_PRODUCT = YES;
			};
			name = Release;
		};
		0C82C2D423DBDF6D00307291 /* Debug */ = {
			isa = XCBuildConfiguration;
			buildSettings = {
				ASSETCATALOG_COMPILER_APPICON_NAME = AppIcon;
				CODE_SIGN_STYLE = Automatic;
				INFOPLIST_FILE = tipcal/Info.plist;
				LD_RUNPATH_SEARCH_PATHS = (
					"$(inherited)",
					"@executable_path/Frameworks",
				);
				PRODUCT_BUNDLE_IDENTIFIER = com.cheejunwong.tipcal;
				PRODUCT_NAME = "$(TARGET_NAME)";
				SWIFT_VERSION = 5.0;
				TARGETED_DEVICE_FAMILY = "1,2";
			};
			name = Debug;
		};
		0C82C2D523DBDF6D00307291 /* Release */ = {
			isa = XCBuildConfiguration;
			buildSettings = {
				ASSETCATALOG_COMPILER_APPICON_NAME = AppIcon;
				CODE_SIGN_STYLE = Automatic;
				INFOPLIST_FILE = tipcal/Info.plist;
				LD_RUNPATH_SEARCH_PATHS = (
					"$(inherited)",
					"@executable_path/Frameworks",
				);
				PRODUCT_BUNDLE_IDENTIFIER = com.cheejunwong.tipcal;
				PRODUCT_NAME = "$(TARGET_NAME)";
				SWIFT_VERSION = 5.0;
				TARGETED_DEVICE_FAMILY = "1,2";
			};
			name = Release;
		};
		0C82C2D723DBDF6D00307291 /* Debug */ = {
			isa = XCBuildConfiguration;
			buildSettings = {
				ALWAYS_EMBED_SWIFT_STANDARD_LIBRARIES = YES;
				BUNDLE_LOADER = "$(TEST_HOST)";
				CODE_SIGN_STYLE = Automatic;
				INFOPLIST_FILE = tipcalTests/Info.plist;
				IPHONEOS_DEPLOYMENT_TARGET = 13.2;
				LD_RUNPATH_SEARCH_PATHS = (
					"$(inherited)",
					"@executable_path/Frameworks",
					"@loader_path/Frameworks",
				);
				PRODUCT_BUNDLE_IDENTIFIER = com.cheejunwong.tipcalTests;
				PRODUCT_NAME = "$(TARGET_NAME)";
				SWIFT_VERSION = 5.0;
				TARGETED_DEVICE_FAMILY = "1,2";
				TEST_HOST = "$(BUILT_PRODUCTS_DIR)/tipcal.app/tipcal";
			};
			name = Debug;
		};
		0C82C2D823DBDF6D00307291 /* Release */ = {
			isa = XCBuildConfiguration;
			buildSettings = {
				ALWAYS_EMBED_SWIFT_STANDARD_LIBRARIES = YES;
				BUNDLE_LOADER = "$(TEST_HOST)";
				CODE_SIGN_STYLE = Automatic;
				INFOPLIST_FILE = tipcalTests/Info.plist;
				IPHONEOS_DEPLOYMENT_TARGET = 13.2;
				LD_RUNPATH_SEARCH_PATHS = (
					"$(inherited)",
					"@executable_path/Frameworks",
					"@loader_path/Frameworks",
				);
				PRODUCT_BUNDLE_IDENTIFIER = com.cheejunwong.tipcalTests;
				PRODUCT_NAME = "$(TARGET_NAME)";
				SWIFT_VERSION = 5.0;
				TARGETED_DEVICE_FAMILY = "1,2";
				TEST_HOST = "$(BUILT_PRODUCTS_DIR)/tipcal.app/tipcal";
			};
			name = Release;
		};
		0C82C2DA23DBDF6D00307291 /* Debug */ = {
			isa = XCBuildConfiguration;
			buildSettings = {
				ALWAYS_EMBED_SWIFT_STANDARD_LIBRARIES = YES;
				CODE_SIGN_STYLE = Automatic;
				INFOPLIST_FILE = tipcalUITests/Info.plist;
				LD_RUNPATH_SEARCH_PATHS = (
					"$(inherited)",
					"@executable_path/Frameworks",
					"@loader_path/Frameworks",
				);
				PRODUCT_BUNDLE_IDENTIFIER = com.cheejunwong.tipcalUITests;
				PRODUCT_NAME = "$(TARGET_NAME)";
				SWIFT_VERSION = 5.0;
				TARGETED_DEVICE_FAMILY = "1,2";
				TEST_TARGET_NAME = tipcal;
			};
			name = Debug;
		};
		0C82C2DB23DBDF6D00307291 /* Release */ = {
			isa = XCBuildConfiguration;
			buildSettings = {
				ALWAYS_EMBED_SWIFT_STANDARD_LIBRARIES = YES;
				CODE_SIGN_STYLE = Automatic;
				INFOPLIST_FILE = tipcalUITests/Info.plist;
				LD_RUNPATH_SEARCH_PATHS = (
					"$(inherited)",
					"@executable_path/Frameworks",
					"@loader_path/Frameworks",
				);
				PRODUCT_BUNDLE_IDENTIFIER = com.cheejunwong.tipcalUITests;
				PRODUCT_NAME = "$(TARGET_NAME)";
				SWIFT_VERSION = 5.0;
				TARGETED_DEVICE_FAMILY = "1,2";
				TEST_TARGET_NAME = tipcal;
			};
			name = Release;
		};
/* End XCBuildConfiguration section */

/* Begin XCConfigurationList section */
		0C82C2A423DBDF6900307291 /* Build configuration list for PBXProject "tipcal" */ = {
			isa = XCConfigurationList;
			buildConfigurations = (
				0C82C2D123DBDF6D00307291 /* Debug */,
				0C82C2D223DBDF6D00307291 /* Release */,
			);
			defaultConfigurationIsVisible = 0;
			defaultConfigurationName = Release;
		};
		0C82C2D323DBDF6D00307291 /* Build configuration list for PBXNativeTarget "tipcal" */ = {
			isa = XCConfigurationList;
			buildConfigurations = (
				0C82C2D423DBDF6D00307291 /* Debug */,
				0C82C2D523DBDF6D00307291 /* Release */,
			);
			defaultConfigurationIsVisible = 0;
			defaultConfigurationName = Release;
		};
		0C82C2D623DBDF6D00307291 /* Build configuration list for PBXNativeTarget "tipcalTests" */ = {
			isa = XCConfigurationList;
			buildConfigurations = (
				0C82C2D723DBDF6D00307291 /* Debug */,
				0C82C2D823DBDF6D00307291 /* Release */,
			);
			defaultConfigurationIsVisible = 0;
			defaultConfigurationName = Release;
		};
		0C82C2D923DBDF6D00307291 /* Build configuration list for PBXNativeTarget "tipcalUITests" */ = {
			isa = XCConfigurationList;
			buildConfigurations = (
				0C82C2DA23DBDF6D00307291 /* Debug */,
				0C82C2DB23DBDF6D00307291 /* Release */,
			);
			defaultConfigurationIsVisible = 0;
			defaultConfigurationName = Release;
		};
/* End XCConfigurationList section */
	};
	rootObject = 0C82C2A123DBDF6900307291 /* Project object */;
}
